
Microsoft Visual Studio Solution File, Format Version 12.00
# Visual Studio Version 17
VisualStudioVersion = 17.14.36221.1 d17.14
MinimumVisualStudioVersion = 10.0.40219.1
Project("{FAE04EC0-301F-11D3-BF4B-00C04F79EFBC}") = "MyFirstWebAPI", "MyFirstWebAPI\MyFirstWebAPI.csproj", "{FD5F1A6E-0AB2-48A2-8718-1A8ACFF6BB78}"
EndProject
Global
	GlobalSection(SolutionConfigurationPlatforms) = preSolution
		Debug|Any CPU = Debug|Any CPU
		Release|Any CPU = Release|Any CPU
	EndGlobalSection
	GlobalSection(ProjectConfigurationPlatforms) = postSolution
		{FD5F1A6E-0AB2-48A2-8718-1A8ACFF6BB78}.Debug|Any CPU.ActiveCfg = Debug|Any CPU
		{FD5F1A6E-0AB2-48A2-8718-1A8ACFF6BB78}.Debug|Any CPU.Build.0 = Debug|Any CPU
		{FD5F1A6E-0AB2-48A2-8718-1A8ACFF6BB78}.Release|Any CPU.ActiveCfg = Release|Any CPU
		{FD5F1A6E-0AB2-48A2-8718-1A8ACFF6BB78}.Release|Any CPU.Build.0 = Release|Any CPU
	EndGlobalSection
	GlobalSection(SolutionProperties) = preSolution
		HideSolutionNode = FALSE
	EndGlobalSection
	GlobalSection(ExtensibilityGlobals) = postSolution
		SolutionGuid = {552AA894-B8FC-41A7-8F98-FB7672D2B801}
	EndGlobalSection
EndGlobal
